{
  "name": "Victor_Lima",
  "lockfileVersion": 3,
  "requires": true,
  "packages": {
    "": {
      "dependencies": {
        "sxpress": "^1.0.3"
      }
    },
    "node_modules/sxpress": {
      "version": "1.0.3",
      "resolved": "https://registry.npmjs.org/sxpress/-/sxpress-1.0.3.tgz",
      "integrity": "sha512-JyzoFDp0GoX1cCgTPKhmkPuX/rSIEcI3Hj2sX2QDLp3cWip2TAfECZauMtnqpl0iH29XF7DW9L350K9JAl648Q==",
      "license": "ISC"
    }
  }
}
